// !$*UTF8*$!
{
	archiveVersion = 1;
	classes = {
	};
	objectVersion = 50;
	objects = {

/* Begin PBXBuildFile section */
		C9E8F20824BE45CF00DDE366 /* AppDelegate.swift in Sources */ = {isa = PBXBuildFile; fileRef = C9E8F20724BE45CF00DDE366 /* AppDelegate.swift */; };
		C9E8F20A24BE45CF00DDE366 /* SceneDelegate.swift in Sources */ = {isa = PBXBuildFile; fileRef = C9E8F20924BE45CF00DDE366 /* SceneDelegate.swift */; };
		C9E8F20F24BE45CF00DDE366 /* Main.storyboard in Resources */ = {isa = PBXBuildFile; fileRef = C9E8F20D24BE45CF00DDE366 /* Main.storyboard */; };
		C9E8F21224BE45CF00DDE366 /* HelloBaby.xcdatamodeld in Sources */ = {isa = PBXBuildFile; fileRef = C9E8F21024BE45CF00DDE366 /* HelloBaby.xcdatamodeld */; };
		C9E8F21424BE45D300DDE366 /* Assets.xcassets in Resources */ = {isa = PBXBuildFile; fileRef = C9E8F21324BE45D300DDE366 /* Assets.xcassets */; };
		C9E8F21724BE45D300DDE366 /* LaunchScreen.storyboard in Resources */ = {isa = PBXBuildFile; fileRef = C9E8F21524BE45D300DDE366 /* LaunchScreen.storyboard */; };
		C9E8F22724BE6B3300DDE366 /* CoreDataStack.swift in Sources */ = {isa = PBXBuildFile; fileRef = C9E8F22624BE6B3300DDE366 /* CoreDataStack.swift */; };
		C9E8F22924BE6C9700DDE366 /* FeedingViewController.swift in Sources */ = {isa = PBXBuildFile; fileRef = C9E8F22824BE6C9700DDE366 /* FeedingViewController.swift */; };
		C9E8F22D24BE6D5200DDE366 /* Feeding+Convenience.swift in Sources */ = {isa = PBXBuildFile; fileRef = C9E8F22B24BE6D5200DDE366 /* Feeding+Convenience.swift */; };
/* End PBXBuildFile section */

/* Begin PBXFileReference section */
		C9E8F20424BE45CF00DDE366 /* HelloBaby.app */ = {isa = PBXFileReference; explicitFileType = wrapper.application; includeInIndex = 0; path = HelloBaby.app; sourceTree = BUILT_PRODUCTS_DIR; };
		C9E8F20724BE45CF00DDE366 /* AppDelegate.swift */ = {isa = PBXFileReference; lastKnownFileType = sourcecode.swift; path = AppDelegate.swift; sourceTree = "<group>"; };
		C9E8F20924BE45CF00DDE366 /* SceneDelegate.swift */ = {isa = PBXFileReference; lastKnownFileType = sourcecode.swift; path = SceneDelegate.swift; sourceTree = "<group>"; };
		C9E8F20E24BE45CF00DDE366 /* Base */ = {isa = PBXFileReference; lastKnownFileType = file.storyboard; name = Base; path = Base.lproj/Main.storyboard; sourceTree = "<group>"; };
		C9E8F21124BE45CF00DDE366 /* HelloBaby.xcdatamodel */ = {isa = PBXFileReference; lastKnownFileType = wrapper.xcdatamodel; path = HelloBaby.xcdatamodel; sourceTree = "<group>"; };
		C9E8F21324BE45D300DDE366 /* Assets.xcassets */ = {isa = PBXFileReference; lastKnownFileType = folder.assetcatalog; path = Assets.xcassets; sourceTree = "<group>"; };
		C9E8F21624BE45D300DDE366 /* Base */ = {isa = PBXFileReference; lastKnownFileType = file.storyboard; name = Base; path = Base.lproj/LaunchScreen.storyboard; sourceTree = "<group>"; };
		C9E8F21824BE45D300DDE366 /* Info.plist */ = {isa = PBXFileReference; lastKnownFileType = text.plist.xml; path = Info.plist; sourceTree = "<group>"; };
		C9E8F22624BE6B3300DDE366 /* CoreDataStack.swift */ = {isa = PBXFileReference; lastKnownFileType = sourcecode.swift; path = CoreDataStack.swift; sourceTree = "<group>"; };
		C9E8F22824BE6C9700DDE366 /* FeedingViewController.swift */ = {isa = PBXFileReference; lastKnownFileType = sourcecode.swift; path = FeedingViewController.swift; sourceTree = "<group>"; };
		C9E8F22B24BE6D5200DDE366 /* Feeding+Convenience.swift */ = {isa = PBXFileReference; lastKnownFileType = sourcecode.swift; path = "Feeding+Convenience.swift"; sourceTree = "<group>"; };
/* End PBXFileReference section */

/* Begin PBXFrameworksBuildPhase section */
		C9E8F20124BE45CF00DDE366 /* Frameworks */ = {
			isa = PBXFrameworksBuildPhase;
			buildActionMask = 2147483647;
			files = (
			);
			runOnlyForDeploymentPostprocessing = 0;
		};
/* End PBXFrameworksBuildPhase section */

/* Begin PBXGroup section */
		C9E8F1FB24BE45CF00DDE366 = {
			isa = PBXGroup;
			children = (
				C9E8F20624BE45CF00DDE366 /* HelloBaby */,
				C9E8F20524BE45CF00DDE366 /* Products */,
			);
			sourceTree = "<group>";
		};
		C9E8F20524BE45CF00DDE366 /* Products */ = {
			isa = PBXGroup;
			children = (
				C9E8F20424BE45CF00DDE366 /* HelloBaby.app */,
			);
			name = Products;
			sourceTree = "<group>";
		};
		C9E8F20624BE45CF00DDE366 /* HelloBaby */ = {
			isa = PBXGroup;
			children = (
				C9E8F22024BE45FE00DDE366 /* Model */,
				C9E8F21F24BE45F800DDE366 /* Controllers */,
				C9E8F21E24BE45F300DDE366 /* Views */,
				C9E8F22324BE462200DDE366 /* Resources */,
				C9E8F21024BE45CF00DDE366 /* HelloBaby.xcdatamodeld */,
			);
			path = HelloBaby;
			sourceTree = "<group>";
		};
		C9E8F21E24BE45F300DDE366 /* Views */ = {
			isa = PBXGroup;
			children = (
				C9E8F20D24BE45CF00DDE366 /* Main.storyboard */,
			);
			path = Views;
			sourceTree = "<group>";
		};
		C9E8F21F24BE45F800DDE366 /* Controllers */ = {
			isa = PBXGroup;
			children = (
				C9E8F22224BE460900DDE366 /* Model Controller  */,
				C9E8F22124BE460200DDE366 /* View Controller */,
			);
			path = Controllers;
			sourceTree = "<group>";
		};
		C9E8F22024BE45FE00DDE366 /* Model */ = {
			isa = PBXGroup;
			children = (
				C9E8F22B24BE6D5200DDE366 /* Feeding+Convenience.swift */,
				C9E8F22624BE6B3300DDE366 /* CoreDataStack.swift */,
			);
			path = Model;
			sourceTree = "<group>";
		};
		C9E8F22124BE460200DDE366 /* View Controller */ = {
			isa = PBXGroup;
			children = (
				C9E8F22824BE6C9700DDE366 /* FeedingViewController.swift */,
			);
			path = "View Controller";
			sourceTree = "<group>";
		};
		C9E8F22224BE460900DDE366 /* Model Controller  */ = {
			isa = PBXGroup;
			children = (
			);
			path = "Model Controller ";
			sourceTree = "<group>";
		};
		C9E8F22324BE462200DDE366 /* Resources */ = {
			isa = PBXGroup;
			children = (
				C9E8F20724BE45CF00DDE366 /* AppDelegate.swift */,
				C9E8F20924BE45CF00DDE366 /* SceneDelegate.swift */,
				C9E8F21324BE45D300DDE366 /* Assets.xcassets */,
				C9E8F21524BE45D300DDE366 /* LaunchScreen.storyboard */,
				C9E8F21824BE45D300DDE366 /* Info.plist */,
			);
			path = Resources;
			sourceTree = "<group>";
		};
/* End PBXGroup section */

/* Begin PBXNativeTarget section */
		C9E8F20324BE45CF00DDE366 /* HelloBaby */ = {
			isa = PBXNativeTarget;
			buildConfigurationList = C9E8F21B24BE45D400DDE366 /* Build configuration list for PBXNativeTarget "HelloBaby" */;
			buildPhases = (
				C9E8F20024BE45CF00DDE366 /* Sources */,
				C9E8F20124BE45CF00DDE366 /* Frameworks */,
				C9E8F20224BE45CF00DDE366 /* Resources */,
			);
			buildRules = (
			);
			dependencies = (
			);
			name = HelloBaby;
			productName = HelloBaby;
			productReference = C9E8F20424BE45CF00DDE366 /* HelloBaby.app */;
			productType = "com.apple.product-type.application";
		};
/* End PBXNativeTarget section */

/* Begin PBXProject section */
		C9E8F1FC24BE45CF00DDE366 /* Project object */ = {
			isa = PBXProject;
			attributes = {
				LastSwiftUpdateCheck = 1150;
				LastUpgradeCheck = 1150;
				ORGANIZATIONNAME = "Kristin Samuels ";
				TargetAttributes = {
					C9E8F20324BE45CF00DDE366 = {
						CreatedOnToolsVersion = 11.5;
					};
				};
			};
			buildConfigurationList = C9E8F1FF24BE45CF00DDE366 /* Build configuration list for PBXProject "HelloBaby" */;
			compatibilityVersion = "Xcode 9.3";
			developmentRegion = en;
			hasScannedForEncodings = 0;
			knownRegions = (
				en,
				Base,
			);
			mainGroup = C9E8F1FB24BE45CF00DDE366;
			productRefGroup = C9E8F20524BE45CF00DDE366 /* Products */;
			projectDirPath = "";
			projectRoot = "";
			targets = (
				C9E8F20324BE45CF00DDE366 /* HelloBaby */,
			);
		};
/* End PBXProject section */

/* Begin PBXResourcesBuildPhase section */
		C9E8F20224BE45CF00DDE366 /* Resources */ = {
			isa = PBXResourcesBuildPhase;
			buildActionMask = 2147483647;
			files = (
				C9E8F21724BE45D300DDE366 /* LaunchScreen.storyboard in Resources */,
				C9E8F21424BE45D300DDE366 /* Assets.xcassets in Resources */,
				C9E8F20F24BE45CF00DDE366 /* Main.storyboard in Resources */,
			);
			runOnlyForDeploymentPostprocessing = 0;
		};
/* End PBXResourcesBuildPhase section */

/* Begin PBXSourcesBuildPhase section */
		C9E8F20024BE45CF00DDE366 /* Sources */ = {
			isa = PBXSourcesBuildPhase;
			buildActionMask = 2147483647;
			files = (
				C9E8F22D24BE6D5200DDE366 /* Feeding+Convenience.swift in Sources */,
				C9E8F22724BE6B3300DDE366 /* CoreDataStack.swift in Sources */,
				C9E8F21224BE45CF00DDE366 /* HelloBaby.xcdatamodeld in Sources */,
				C9E8F20824BE45CF00DDE366 /* AppDelegate.swift in Sources */,
				C9E8F20A24BE45CF00DDE366 /* SceneDelegate.swift in Sources */,
				C9E8F22924BE6C9700DDE366 /* FeedingViewController.swift in Sources */,
			);
			runOnlyForDeploymentPostprocessing = 0;
		};
/* End PBXSourcesBuildPhase section */

/* Begin PBXVariantGroup section */
		C9E8F20D24BE45CF00DDE366 /* Main.storyboard */ = {
			isa = PBXVariantGroup;
			children = (
				C9E8F20E24BE45CF00DDE366 /* Base */,
			);
			name = Main.storyboard;
			sourceTree = "<group>";
		};
		C9E8F21524BE45D300DDE366 /* LaunchScreen.storyboard */ = {
			isa = PBXVariantGroup;
			children = (
				C9E8F21624BE45D300DDE366 /* Base */,
			);
			name = LaunchScreen.storyboard;
			sourceTree = "<group>";
		};
/* End PBXVariantGroup section */

/* Begin XCBuildConfiguration section */
		C9E8F21924BE45D400DDE366 /* Debug */ = {
			isa = XCBuildConfiguration;
			buildSettings = {
				ALWAYS_SEARCH_USER_PATHS = NO;
				CLANG_ANALYZER_NONNULL = YES;
				CLANG_ANALYZER_NUMBER_OBJECT_CONVERSION = YES_AGGRESSIVE;
				CLANG_CXX_LANGUAGE_STANDARD = "gnu++14";
				CLANG_CXX_LIBRARY = "libc++";
				CLANG_ENABLE_MODULES = YES;
				CLANG_ENABLE_OBJC_ARC = YES;
				CLANG_ENABLE_OBJC_WEAK = YES;
				CLANG_WARN_BLOCK_CAPTURE_AUTORELEASING = YES;
				CLANG_WARN_BOOL_CONVERSION = YES;
				CLANG_WARN_COMMA = YES;
				CLANG_WARN_CONSTANT_CONVERSION = YES;
				CLANG_WARN_DEPRECATED_OBJC_IMPLEMENTATIONS = YES;
				CLANG_WARN_DIRECT_OBJC_ISA_USAGE = YES_ERROR;
				CLANG_WARN_DOCUMENTATION_COMMENTS = YES;
				CLANG_WARN_EMPTY_BODY = YES;
				CLANG_WARN_ENUM_CONVERSION = YES;
				CLANG_WARN_INFINITE_RECURSION = YES;
				CLANG_WARN_INT_CONVERSION = YES;
				CLANG_WARN_NON_LITERAL_NULL_CONVERSION = YES;
				CLANG_WARN_OBJC_IMPLICIT_RETAIN_SELF = YES;
				CLANG_WARN_OBJC_LITERAL_CONVERSION = YES;
				CLANG_WARN_OBJC_ROOT_CLASS = YES_ERROR;
				CLANG_WARN_RANGE_LOOP_ANALYSIS = YES;
				CLANG_WARN_STRICT_PROTOTYPES = YES;
				CLANG_WARN_SUSPICIOUS_MOVE = YES;
				CLANG_WARN_UNGUARDED_AVAILABILITY = YES_AGGRESSIVE;
				CLANG_WARN_UNREACHABLE_CODE = YES;
				CLANG_WARN__DUPLICATE_METHOD_MATCH = YES;
				COPY_PHASE_STRIP = NO;
				DEBUG_INFORMATION_FORMAT = dwarf;
				ENABLE_STRICT_OBJC_MSGSEND = YES;
				ENABLE_TESTABILITY = YES;
				GCC_C_LANGUAGE_STANDARD = gnu11;
				GCC_DYNAMIC_NO_PIC = NO;
				GCC_NO_COMMON_BLOCKS = YES;
				GCC_OPTIMIZATION_LEVEL = 0;
				GCC_PREPROCESSOR_DEFINITIONS = (
					"DEBUG=1",
					"$(inherited)",
				);
				GCC_WARN_64_TO_32_BIT_CONVERSION = YES;
				GCC_WARN_ABOUT_RETURN_TYPE = YES_ERROR;
				GCC_WARN_UNDECLARED_SELECTOR = YES;
				GCC_WARN_UNINITIALIZED_AUTOS = YES_AGGRESSIVE;
				GCC_WARN_UNUSED_FUNCTION = YES;
				GCC_WARN_UNUSED_VARIABLE = YES;
				IPHONEOS_DEPLOYMENT_TARGET = 13.5;
				MTL_ENABLE_DEBUG_INFO = INCLUDE_SOURCE;
				MTL_FAST_MATH = YES;
				ONLY_ACTIVE_ARCH = YES;
				SDKROOT = iphoneos;
				SWIFT_ACTIVE_COMPILATION_CONDITIONS = DEBUG;
				SWIFT_OPTIMIZATION_LEVEL = "-Onone";
			};
			name = Debug;
		};
		C9E8F21A24BE45D400DDE366 /* Release */ = {
			isa = XCBuildConfiguration;
			buildSettings = {
				ALWAYS_SEARCH_USER_PATHS = NO;
				CLANG_ANALYZER_NONNULL = YES;
				CLANG_ANALYZER_NUMBER_OBJECT_CONVERSION = YES_AGGRESSIVE;
				CLANG_CXX_LANGUAGE_STANDARD = "gnu++14";
				CLANG_CXX_LIBRARY = "libc++";
				CLANG_ENABLE_MODULES = YES;
				CLANG_ENABLE_OBJC_ARC = YES;
				CLANG_ENABLE_OBJC_WEAK = YES;
				CLANG_WARN_BLOCK_CAPTURE_AUTORELEASING = YES;
				CLANG_WARN_BOOL_CONVERSION = YES;
				CLANG_WARN_COMMA = YES;
				CLANG_WARN_CONSTANT_CONVERSION = YES;
				CLANG_WARN_DEPRECATED_OBJC_IMPLEMENTATIONS = YES;
				CLANG_WARN_DIRECT_OBJC_ISA_USAGE = YES_ERROR;
				CLANG_WARN_DOCUMENTATION_COMMENTS = YES;
				CLANG_WARN_EMPTY_BODY = YES;
				CLANG_WARN_ENUM_CONVERSION = YES;
				CLANG_WARN_INFINITE_RECURSION = YES;
				CLANG_WARN_INT_CONVERSION = YES;
				CLANG_WARN_NON_LITERAL_NULL_CONVERSION = YES;
				CLANG_WARN_OBJC_IMPLICIT_RETAIN_SELF = YES;
				CLANG_WARN_OBJC_LITERAL_CONVERSION = YES;
				CLANG_WARN_OBJC_ROOT_CLASS = YES_ERROR;
				CLANG_WARN_RANGE_LOOP_ANALYSIS = YES;
				CLANG_WARN_STRICT_PROTOTYPES = YES;
				CLANG_WARN_SUSPICIOUS_MOVE = YES;
				CLANG_WARN_UNGUARDED_AVAILABILITY = YES_AGGRESSIVE;
				CLANG_WARN_UNREACHABLE_CODE = YES;
				CLANG_WARN__DUPLICATE_METHOD_MATCH = YES;
				COPY_PHASE_STRIP = NO;
				DEBUG_INFORMATION_FORMAT = "dwarf-with-dsym";
				ENABLE_NS_ASSERTIONS = NO;
				ENABLE_STRICT_OBJC_MSGSEND = YES;
				GCC_C_LANGUAGE_STANDARD = gnu11;
				GCC_NO_COMMON_BLOCKS = YES;
				GCC_WARN_64_TO_32_BIT_CONVERSION = YES;
				GCC_WARN_ABOUT_RETURN_TYPE = YES_ERROR;
				GCC_WARN_UNDECLARED_SELECTOR = YES;
				GCC_WARN_UNINITIALIZED_AUTOS = YES_AGGRESSIVE;
				GCC_WARN_UNUSED_FUNCTION = YES;
				GCC_WARN_UNUSED_VARIABLE = YES;
				IPHONEOS_DEPLOYMENT_TARGET = 13.5;
				MTL_ENABLE_DEBUG_INFO = NO;
				MTL_FAST_MATH = YES;
				SDKROOT = iphoneos;
				SWIFT_COMPILATION_MODE = wholemodule;
				SWIFT_OPTIMIZATION_LEVEL = "-O";
				VALIDATE_PRODUCT = YES;
			};
			name = Release;
		};
		C9E8F21C24BE45D400DDE366 /* Debug */ = {
			isa = XCBuildConfiguration;
			buildSettings = {
				ASSETCATALOG_COMPILER_APPICON_NAME = AppIcon;
				CODE_SIGN_STYLE = Automatic;
				DEVELOPMENT_TEAM = KAP7J6U3Y3;
				INFOPLIST_FILE = "$(SRCROOT)/HelloBaby/Resources/Info.plist";
				LD_RUNPATH_SEARCH_PATHS = (
					"$(inherited)",
					"@executable_path/Frameworks",
				);
				PRODUCT_BUNDLE_IDENTIFIER = com.KNS.HelloBaby;
				PRODUCT_NAME = "$(TARGET_NAME)";
				SWIFT_VERSION = 5.0;
				TARGETED_DEVICE_FAMILY = "1,2";
			};
			name = Debug;
		};
		C9E8F21D24BE45D400DDE366 /* Release */ = {
			isa = XCBuildConfiguration;
			buildSettings = {
				ASSETCATALOG_COMPILER_APPICON_NAME = AppIcon;
				CODE_SIGN_STYLE = Automatic;
				DEVELOPMENT_TEAM = KAP7J6U3Y3;
				INFOPLIST_FILE = "$(SRCROOT)/HelloBaby/Resources/Info.plist";
				LD_RUNPATH_SEARCH_PATHS = (
					"$(inherited)",
					"@executable_path/Frameworks",
				);
				PRODUCT_BUNDLE_IDENTIFIER = com.KNS.HelloBaby;
				PRODUCT_NAME = "$(TARGET_NAME)";
				SWIFT_VERSION = 5.0;
				TARGETED_DEVICE_FAMILY = "1,2";
			};
			name = Release;
		};
/* End XCBuildConfiguration section */

/* Begin XCConfigurationList section */
		C9E8F1FF24BE45CF00DDE366 /* Build configuration list for PBXProject "HelloBaby" */ = {
			isa = XCConfigurationList;
			buildConfigurations = (
				C9E8F21924BE45D400DDE366 /* Debug */,
				C9E8F21A24BE45D400DDE366 /* Release */,
			);
			defaultConfigurationIsVisible = 0;
			defaultConfigurationName = Release;
		};
		C9E8F21B24BE45D400DDE366 /* Build configuration list for PBXNativeTarget "HelloBaby" */ = {
			isa = XCConfigurationList;
			buildConfigurations = (
				C9E8F21C24BE45D400DDE366 /* Debug */,
				C9E8F21D24BE45D400DDE366 /* Release */,
			);
			defaultConfigurationIsVisible = 0;
			defaultConfigurationName = Release;
		};
/* End XCConfigurationList section */

/* Begin XCVersionGroup section */
		C9E8F21024BE45CF00DDE366 /* HelloBaby.xcdatamodeld */ = {
			isa = XCVersionGroup;
			children = (
				C9E8F21124BE45CF00DDE366 /* HelloBaby.xcdatamodel */,
			);
			currentVersion = C9E8F21124BE45CF00DDE366 /* HelloBaby.xcdatamodel */;
			path = HelloBaby.xcdatamodeld;
			sourceTree = "<group>";
			versionGroupType = wrapper.xcdatamodel;
		};
/* End XCVersionGroup section */
	};
	rootObject = C9E8F1FC24BE45CF00DDE366 /* Project object */;
}
